
Microsoft Visual Studio Solution File, Format Version 12.00
# Visual Studio 2015
Project("{FAE04EC0-301F-11D3-BF4B-00C04F79EFBC}") = "UnityVS.AventurasNoBrasil.CSharp", "UnityVS.AventurasNoBrasil.CSharp.csproj", "{17BD83A9-1315-9CF7-843C-6086F3F014EE}"
EndProject
Global
	GlobalSection(SolutionConfigurationPlatforms) = preSolution
		Debug|Any CPU = Debug|Any CPU
		Release|Any CPU = Release|Any CPU
	EndGlobalSection
	GlobalSection(ProjectConfigurationPlatforms) = postSolution
		{17BD83A9-1315-9CF7-843C-6086F3F014EE}.Debug|Any CPU.ActiveCfg = Debug|Any CPU
		{17BD83A9-1315-9CF7-843C-6086F3F014EE}.Debug|Any CPU.Build.0 = Debug|Any CPU
		{17BD83A9-1315-9CF7-843C-6086F3F014EE}.Release|Any CPU.ActiveCfg = Release|Any CPU
		{17BD83A9-1315-9CF7-843C-6086F3F014EE}.Release|Any CPU.Build.0 = Release|Any CPU
	EndGlobalSection
	GlobalSection(SolutionProperties) = preSolution
		HideSolutionNode = FALSE
	EndGlobalSection
EndGlobal
